
Microsoft Visual Studio Solution File, Format Version 12.00
# Visual Studio 15
VisualStudioVersion = 15.0.28307.960
MinimumVisualStudioVersion = 10.0.40219.1
Project("{8BC9CEB8-8B4A-11D0-8D11-00A0C91BC942}") = "Mines", "Mines.vcxproj", "{FDE33AAB-D175-4427-B9F4-8A4628EFE36C}"
EndProject
Global
	GlobalSection(SolutionConfigurationPlatforms) = preSolution
		Debug|x64 = Debug|x64
		Debug|x86 = Debug|x86
		Release|x64 = Release|x64
		Release|x86 = Release|x86
	EndGlobalSection
	GlobalSection(ProjectConfigurationPlatforms) = postSolution
		{FDE33AAB-D175-4427-B9F4-8A4628EFE36C}.Debug|x64.ActiveCfg = Debug|x64
		{FDE33AAB-D175-4427-B9F4-8A4628EFE36C}.Debug|x64.Build.0 = Debug|x64
		{FDE33AAB-D175-4427-B9F4-8A4628EFE36C}.Debug|x86.ActiveCfg = Debug|Win32
		{FDE33AAB-D175-4427-B9F4-8A4628EFE36C}.Debug|x86.Build.0 = Debug|Win32
		{FDE33AAB-D175-4427-B9F4-8A4628EFE36C}.Release|x64.ActiveCfg = Release|x64
		{FDE33AAB-D175-4427-B9F4-8A4628EFE36C}.Release|x64.Build.0 = Release|x64
		{FDE33AAB-D175-4427-B9F4-8A4628EFE36C}.Release|x86.ActiveCfg = Release|Win32
		{FDE33AAB-D175-4427-B9F4-8A4628EFE36C}.Release|x86.Build.0 = Release|Win32
	EndGlobalSection
	GlobalSection(SolutionProperties) = preSolution
		HideSolutionNode = FALSE
	EndGlobalSection
	GlobalSection(ExtensibilityGlobals) = postSolution
		SolutionGuid = {BD57F6A7-F096-4793-AF43-938579E10A96}
	EndGlobalSection
EndGlobal
